# This file is automatically @generated by Poetry 1.8.2 and should be unnecessary to manually edit

[[package]]
name = "certifi"
version = "2024.2.2"
description = "Python package for providing Mozilla's CA Bundle."
optional = false
python-versions = ">=3.6"
files = [
    {file = "certifi-2024.2.2-py3-none-any.whl", hash = "sha256:dc383c666572e42426992d9d9f58359b32fa998a463ad136585145eb5ee2db08"},
    {file = "certifi-2024.2.2.tar.gz", hash = "sha256:05698563108a61bb8e4b87ba56ebb049f60b795c9c45565290f849dc23833d34"},
]

[[package]]
name = "charset-normalizer"
version = "3.3.2"
description = "The Real First Universal Charset Detector. Open, modern and detector-friendly alternative to Chardet."
optional = false
python-versions = ">=3.7.0"
files = [
    {file = "charset_normalizer-3.3.2-py3-none-any.whl", hash = "sha256:f00c201982ed2ea025da714265d9380b0f17338b8089dc829615cb22d1f32537"},
    {file = "charset-normalizer-3.3.2.tar.gz", hash = "sha256:3e4a1f64f6280d171bc813038e320d26f82dce659f2e1fc5377238fad6e3d631"},
]

[[package]]
name = "idna"
version = "3.7"
description = "Internationalized Domain Names in Applications (IDNA)"
optional = false
python-versions = ">=3.5"
files = [
    {file = "idna-3.7-py3-none-any.whl", hash = "sha256:822412384b638f6146383c5e8460c718b80b72c661e9e2a0577da84c3059670a"},
    {file = "idna-3.7.tar.gz", hash = "sha256:028ff3aad56109f000b64f8474bd100383a8da922e960471b16daae105a676e1"},
]

[[package]]
name = "requests"
version = "2.31.0"
description = "Python HTTP for Humans."
optional = false
python-versions = ">=3.7"
files = [
    {file = "requests-2.31.0-py3-none-any.whl", hash = "sha256:58cd9c493edd0288418661d964211a061a86372fb24917e471882ac1730742ea"},
    {file = "requests-2.31.0.tar.gz", hash = "sha256:942c5a758f98d790eaed1a29cb6eefc7ffb0d1cf7af05c3d2791656dbd6ad1e1"},
]

[package.dependencies]
certifi = ">=2017.4.17"
charset-normalizer = ">=2,<4"
idna = ">=2.5,<4"
urllib3 = ">=1.21.1,<3"

[[package]]
name = "urllib3"
version = "2.2.1"
description = "HTTP library with thread-safe connection pooling, file post, and more."
optional = false
python-versions = ">=3.8"
files = [
    {file = "urllib3-2.2.1-py3-none-any.whl", hash = "sha256:a92179a61361719543e5e4125b0906236b2be03c396c21e646270609ab93a129"},
    {file = "urllib3-2.2.1.tar.gz", hash = "sha256:450b20ec9d63ca0e44e2b84379e47838c641474bc01bd8485c6366fb91a33b23"},
]

[metadata]
lock-version = "2.0"
python-versions = ">=3.8"
content-hash = "c18d94eef65ad8633919b6264ff9d8ba218bf147a06411d547f8baab4c75945c"
