#
# This file is autogenerated by pip-compile with Python 3.11
# by the following command:
#
#    pip-compile --generate-hashes --output-file=requirements.lock requirements.txt
#
certifi==2024.2.2 \
    --hash=sha256:05698563108a61bb8e4b87ba56ebb049f60b795c9c45565290f849dc23833d34 \
    --hash=sha256:dc383c666572e42426992d9d9f58359b32fa998a463ad136585145eb5ee2db08
    # via -r requirements.txt
charset-normalizer==3.3.2 \
    --hash=sha256:3e4a1f64f6280d171bc813038e320d26f82dce659f2e1fc5377238fad6e3d631 \
    --hash=sha256:f00c201982ed2ea025da714265d9380b0f17338b8089dc829615cb22d1f32537
    # via -r requirements.txt
idna==3.7 \
    --hash=sha256:028ff3aad56109f000b64f8474bd100383a8da922e960471b16daae105a676e1 \
    --hash=sha256:822412384b638f6146383c5e8460c718b80b72c661e9e2a0577da84c3059670a
    # via -r requirements.txt
requests==2.31.0 \
    --hash=sha256:58cd9c493edd0288418661d964211a061a86372fb24917e471882ac1730742ea \
    --hash=sha256:942c5a758f98d790eaed1a29cb6eefc7ffb0d1cf7af05c3d2791656dbd6ad1e1
    # via -r requirements.txt
urllib3==2.2.1 \
    --hash=sha256:450b20ec9d63ca0e44e2b84379e47838c641474bc01bd8485c6366fb91a33b23 \
    --hash=sha256:a92179a61361719543e5e4125b0906236b2be03c396c21e646270609ab93a129
    # via -r requirements.txt
