# Autogenerated by pip-compile-multi / pip-tools --generate-hashes
# To update, run: pip-compile --generate-hashes requirements.in

certifi==2024.2.2 \
    --hash=sha256:dc8627f232a571e4d9f8bb801e91244cf5e28a5099ef3d763a13783a54d603e8 \
    --hash=sha256:7b6b85a109a11703e05e554909477b901a5d3f2390ff554c9cfd313385750036
cffi==1.16.0 \
    --hash=sha256:a8c17277b432a77ffab20b8f4130fb82f50d170204646b97669ba8a91599a0e6 \
    --hash=sha256:49c0d75c80db017ad26b2166e5f8f94fae23b8f6c449bb8efb9f4b1fa8514949
charset-normalizer==3.3.2 \
    --hash=sha256:802fe99a229cb222125a70f4a944962d83f0c67d446fa556a672334e8080643d \
    --hash=sha256:ebea33bfdb497793036a5cf65030329ed835267f17309876b964b6f34f854938
cryptography==42.0.5 \
    --hash=sha256:a21bf7f5669b764ee71ea944f5091cf7696fbe5349666014e0ec72314e135cb1 \
    --hash=sha256:4ec678763dc0b4d49a37e1081519d1ffbc01fb20a9a95ec6db91a13bf2a3d0f0
idna==3.7 \
    --hash=sha256:8261539d584345f686d9d56dec662ffdb32da738182f959538a604246ed87b07 \
    --hash=sha256:82699f40ff4d89b671c77bc9150570409e715b1e6d094384f17d84fde29e30f3
jinja2==3.1.4 \
    --hash=sha256:bc5dd3abb727a5319567b7a5e38477d8d14c5d01538357756471954ac7437342 \
    --hash=sha256:4a3aee7a30164d0f3a966904620f88b1f784e15037ae24af3077491f7d145780
markupsafe==2.1.5 \
    --hash=sha256:650777404e4f659c70c6373e9765a0a670f5146b388bc6e6657d34f918f1fbfa \
    --hash=sha256:b1d83023023e655ad1e0b503046f5ad4ab4a7ec5b2cc22906d4453509ee15e61
pycparser==2.22 \
    --hash=sha256:c3741a1f3365e2b02c6114328842632294b059738204c35e414c392fb4535423 \
    --hash=sha256:491c82ec40dae6e72c1507deee95c347573b9bc0f604f82b99be77325f8f734f
requests==2.31.0 \
    --hash=sha256:58cd2187c01e70e6e26505bca751777aa9f2ee0b7f4300988b709f44e013003f \
    --hash=sha256:942c5a758f98d790eaed1a29cb6eefc7ffb0d1cf7af05c3dce792efab961f630
urllib3==2.2.1 \
    --hash=sha256:a921013a4e0a7690bc68c07886a11ad8ecbc9a2ee6f5ae5ec0139b8bc43530f2 \
    --hash=sha256:450b20ec9d0f47cf06146b9d1b6049b573fa4020ff8d13853765b8a56d073e74
